<Solution>
  <Folder Name="/src/">
    <Project Path="src/StreamDeckPilot.Api/StreamDeckPilot.Api.csproj" />
    <Project Path="src/StreamDeckPilot.Core/StreamDeckPilot.Core.csproj" />
    <Project Path="src/StreamDeckPilot.Infrastructure/StreamDeckPilot.Infrastructure.csproj" />
  </Folder>
  <Folder Name="/tests/">
    <Project Path="tests/StreamDeckPilot.Tests/StreamDeckPilot.Tests.csproj" />
  </Folder>
  <Folder Name="/tools/">
    <Project Path="tools/StreamDeckPreview/StreamDeckPreview.csproj" />
  </Folder>
</Solution>
